
Microsoft Visual Studio Solution File, Format Version 12.00
# Visual Studio 14
VisualStudioVersion = 14.0.25123.0
MinimumVisualStudioVersion = 10.0.40219.1
Project("{FAE04EC0-301F-11D3-BF4B-00C04F79EFBC}") = "ENTM", "ENTM.csproj", "{951D6BCB-3991-419D-A40C-B64EC35C9451}"
	ProjectSection(ProjectDependencies) = postProject
		{ABC5C77A-DEBA-420C-926C-BD3E6F37AE15} = {ABC5C77A-DEBA-420C-926C-BD3E6F37AE15}
	EndProjectSection
EndProject
Project("{FAE04EC0-301F-11D3-BF4B-00C04F79EFBC}") = "UnitTests", "UnitTests\UnitTests.csproj", "{F42CBBDF-B740-4E87-8F5D-15710EBD794E}"
	ProjectSection(ProjectDependencies) = postProject
		{ABC5C77A-DEBA-420C-926C-BD3E6F37AE15} = {ABC5C77A-DEBA-420C-926C-BD3E6F37AE15}
		{951D6BCB-3991-419D-A40C-B64EC35C9451} = {951D6BCB-3991-419D-A40C-B64EC35C9451}
	EndProjectSection
EndProject
Project("{FAE04EC0-301F-11D3-BF4B-00C04F79EFBC}") = "SharpNeatLib", "SharpNeatLib\SharpNeatLib.csproj", "{ABC5C77A-DEBA-420C-926C-BD3E6F37AE15}"
EndProject
Project("{2150E333-8FDC-42A3-9474-1A3956D46DE8}") = "Solution Items", "Solution Items", "{19118B84-120B-4B4B-8BA3-3F3C465AFE09}"
	ProjectSection(SolutionItems) = preProject
		Performance1.psess = Performance1.psess
	EndProjectSection
EndProject
Global
	GlobalSection(SolutionConfigurationPlatforms) = preSolution
		Debug|Any CPU = Debug|Any CPU
		Release|Any CPU = Release|Any CPU
	EndGlobalSection
	GlobalSection(ProjectConfigurationPlatforms) = postSolution
		{951D6BCB-3991-419D-A40C-B64EC35C9451}.Debug|Any CPU.ActiveCfg = Debug|Any CPU
		{951D6BCB-3991-419D-A40C-B64EC35C9451}.Debug|Any CPU.Build.0 = Debug|Any CPU
		{951D6BCB-3991-419D-A40C-B64EC35C9451}.Release|Any CPU.ActiveCfg = Release|Any CPU
		{951D6BCB-3991-419D-A40C-B64EC35C9451}.Release|Any CPU.Build.0 = Release|Any CPU
		{F42CBBDF-B740-4E87-8F5D-15710EBD794E}.Debug|Any CPU.ActiveCfg = Debug|Any CPU
		{F42CBBDF-B740-4E87-8F5D-15710EBD794E}.Debug|Any CPU.Build.0 = Debug|Any CPU
		{F42CBBDF-B740-4E87-8F5D-15710EBD794E}.Release|Any CPU.ActiveCfg = Release|Any CPU
		{F42CBBDF-B740-4E87-8F5D-15710EBD794E}.Release|Any CPU.Build.0 = Release|Any CPU
		{ABC5C77A-DEBA-420C-926C-BD3E6F37AE15}.Debug|Any CPU.ActiveCfg = Debug|Any CPU
		{ABC5C77A-DEBA-420C-926C-BD3E6F37AE15}.Debug|Any CPU.Build.0 = Debug|Any CPU
		{ABC5C77A-DEBA-420C-926C-BD3E6F37AE15}.Release|Any CPU.ActiveCfg = Release|Any CPU
		{ABC5C77A-DEBA-420C-926C-BD3E6F37AE15}.Release|Any CPU.Build.0 = Release|Any CPU
	EndGlobalSection
	GlobalSection(SolutionProperties) = preSolution
		HideSolutionNode = FALSE
	EndGlobalSection
EndGlobal
